
Microsoft Visual Studio Solution File, Format Version 12.00
# Visual Studio Version 16
VisualStudioVersion = 16.0.29123.88
MinimumVisualStudioVersion = 10.0.40219.1
Project("{FAE04EC0-301F-11D3-BF4B-00C04F79EFBC}") = "OkulProjesi", "OkulProjesi\OkulProjesi.csproj", "{6F44FCB7-4EF2-4CA5-BB7D-3E3C933121E1}"
EndProject
Global
	GlobalSection(SolutionConfigurationPlatforms) = preSolution
		Debug|Any CPU = Debug|Any CPU
		Release|Any CPU = Release|Any CPU
	EndGlobalSection
	GlobalSection(ProjectConfigurationPlatforms) = postSolution
		{6F44FCB7-4EF2-4CA5-BB7D-3E3C933121E1}.Debug|Any CPU.ActiveCfg = Debug|Any CPU
		{6F44FCB7-4EF2-4CA5-BB7D-3E3C933121E1}.Debug|Any CPU.Build.0 = Debug|Any CPU
		{6F44FCB7-4EF2-4CA5-BB7D-3E3C933121E1}.Release|Any CPU.ActiveCfg = Release|Any CPU
		{6F44FCB7-4EF2-4CA5-BB7D-3E3C933121E1}.Release|Any CPU.Build.0 = Release|Any CPU
	EndGlobalSection
	GlobalSection(SolutionProperties) = preSolution
		HideSolutionNode = FALSE
	EndGlobalSection
	GlobalSection(ExtensibilityGlobals) = postSolution
		SolutionGuid = {D005E4F6-7215-4F76-B8A1-2332C7585E29}
	EndGlobalSection
EndGlobal
